
Microsoft Visual Studio Solution File, Format Version 12.00
# Visual Studio Version 16
VisualStudioVersion = 16.0.32002.261
MinimumVisualStudioVersion = 10.0.40219.1
Project("{FAE04EC0-301F-11D3-BF4B-00C04F79EFBC}") = "Sunshine", "Sunshine\Sunshine.csproj", "{16B73DCF-E91C-4281-B2C6-E4468291553D}"
EndProject
Global
	GlobalSection(SolutionConfigurationPlatforms) = preSolution
		Debug|Any CPU = Debug|Any CPU
		Release|Any CPU = Release|Any CPU
	EndGlobalSection
	GlobalSection(ProjectConfigurationPlatforms) = postSolution
		{16B73DCF-E91C-4281-B2C6-E4468291553D}.Debug|Any CPU.ActiveCfg = Debug|Any CPU
		{16B73DCF-E91C-4281-B2C6-E4468291553D}.Debug|Any CPU.Build.0 = Debug|Any CPU
		{16B73DCF-E91C-4281-B2C6-E4468291553D}.Release|Any CPU.ActiveCfg = Release|Any CPU
		{16B73DCF-E91C-4281-B2C6-E4468291553D}.Release|Any CPU.Build.0 = Release|Any CPU
	EndGlobalSection
	GlobalSection(SolutionProperties) = preSolution
		HideSolutionNode = FALSE
	EndGlobalSection
	GlobalSection(ExtensibilityGlobals) = postSolution
		SolutionGuid = {63658320-BDB3-4DA3-AA97-62047522AE58}
	EndGlobalSection
EndGlobal
